{
    "_meta": {
        "hash": {
            "sha256": "9b830dee27d7da5c65694f86de08bc567f882b2eb6ab498cd5ab545d35e607a2"
        },
        "pipfile-spec": 6,
        "requires": {
            "python_version": "*"
        },
        "sources": [
            {
                "name": "pypi",
                "url": "https://pypi.org/simple",
                "verify_ssl": true
            }
        ]
    },
    "default": {},
    "develop": {}
}
